<?xml version="1.0" encoding="utf-8"?>
<Project ToolsVersion="4.0" xmlns="http://schemas.microsoft.com/developer/msbuild/2003">
  <ItemGroup>
    <Filter Include="Private">
      <UniqueIdentifier>{001F8D23-6CFE-0BBF-7516-9795E1747220}</UniqueIdentifier>
    </Filter>
    <Filter Include="Private\Graphics">
      <UniqueIdentifier>{40C7B3D4-2CC0-D226-55F2-B7AB414AB232}</UniqueIdentifier>
    </Filter>
    <Filter Include="Public">
      <UniqueIdentifier>{8480F8CA-7022-23A1-59DD-36F5451EAAF1}</UniqueIdentifier>
    </Filter>
    <Filter Include="Public\Graphics">
      <UniqueIdentifier>{441DEF1A-B0A8-5CDF-B9B9-DFD325C4B8DF}</UniqueIdentifier>
    </Filter>
  </ItemGroup>
  <ItemGroup>
    <ClInclude Include="..\..\Source\Core\Public\Application.h">
      <Filter>Public</Filter>
    </ClInclude>
    <ClInclude Include="..\..\Source\Core\Public\FrostyCore.h">
      <Filter>Public</Filter>
    </ClInclude>
    <ClInclude Include="..\..\Source\Core\Public\GameEngine.h">
      <Filter>Public</Filter>
    </ClInclude>
    <ClInclude Include="..\..\Source\Core\Public\GameInstance.h">
      <Filter>Public</Filter>
    </ClInclude>
    <ClInclude Include="..\..\Source\Core\Public\Graphics\Camera.h">
      <Filter>Public\Graphics</Filter>
    </ClInclude>
    <ClInclude Include="..\..\Source\Core\Public\Graphics\Mesh.h">
      <Filter>Public\Graphics</Filter>
    </ClInclude>
    <ClInclude Include="..\..\Source\Core\Public\Graphics\Shader.h">
      <Filter>Public\Graphics</Filter>
    </ClInclude>
    <ClInclude Include="..\..\Source\Core\Public\Graphics\Transform.h">
      <Filter>Public\Graphics</Filter>
    </ClInclude>
    <ClInclude Include="..\..\Source\Core\Public\Graphics\Vertex.h">
      <Filter>Public\Graphics</Filter>
    </ClInclude>
    <ClInclude Include="..\..\Source\Core\Public\Graphics\Window.h">
      <Filter>Public\Graphics</Filter>
    </ClInclude>
  </ItemGroup>
  <ItemGroup>
    <ClCompile Include="..\..\Source\Core\Private\Application.cpp">
      <Filter>Private</Filter>
    </ClCompile>
    <ClCompile Include="..\..\Source\Core\Private\GameEngine.cpp">
      <Filter>Private</Filter>
    </ClCompile>
    <ClCompile Include="..\..\Source\Core\Private\Graphics\Camera.cpp">
      <Filter>Private\Graphics</Filter>
    </ClCompile>
    <ClCompile Include="..\..\Source\Core\Private\Graphics\Mesh.cpp">
      <Filter>Private\Graphics</Filter>
    </ClCompile>
    <ClCompile Include="..\..\Source\Core\Private\Graphics\Shader.cpp">
      <Filter>Private\Graphics</Filter>
    </ClCompile>
    <ClCompile Include="..\..\Source\Core\Private\Graphics\Transform.cpp">
      <Filter>Private\Graphics</Filter>
    </ClCompile>
    <ClCompile Include="..\..\Source\Core\Private\Graphics\Window.cpp">
      <Filter>Private\Graphics</Filter>
    </ClCompile>
  </ItemGroup>
</Project>